
Microsoft Visual Studio Solution File, Format Version 12.00
# Visual Studio Version 17
VisualStudioVersion = 17.1.32319.34
MinimumVisualStudioVersion = 10.0.40219.1
Project("{9A19103F-16F7-4668-BE54-9A1E7A4F7556}") = "Pra.Beers.Core", "Pra.Beers.Core\Pra.Beers.Core.csproj", "{3AA10AB7-7BA1-417C-86DB-B0B057332B16}"
EndProject
Project("{9A19103F-16F7-4668-BE54-9A1E7A4F7556}") = "Pra.Beers.Wpf", "Pra.Beers.Wpf\Pra.Beers.Wpf.csproj", "{AD52ADEB-B6F6-4DF9-A2C8-53F8DB1F21FE}"
EndProject
Global
	GlobalSection(SolutionConfigurationPlatforms) = preSolution
		Debug|Any CPU = Debug|Any CPU
		Release|Any CPU = Release|Any CPU
	EndGlobalSection
	GlobalSection(ProjectConfigurationPlatforms) = postSolution
		{3AA10AB7-7BA1-417C-86DB-B0B057332B16}.Debug|Any CPU.ActiveCfg = Debug|Any CPU
		{3AA10AB7-7BA1-417C-86DB-B0B057332B16}.Debug|Any CPU.Build.0 = Debug|Any CPU
		{3AA10AB7-7BA1-417C-86DB-B0B057332B16}.Release|Any CPU.ActiveCfg = Release|Any CPU
		{3AA10AB7-7BA1-417C-86DB-B0B057332B16}.Release|Any CPU.Build.0 = Release|Any CPU
		{AD52ADEB-B6F6-4DF9-A2C8-53F8DB1F21FE}.Debug|Any CPU.ActiveCfg = Debug|Any CPU
		{AD52ADEB-B6F6-4DF9-A2C8-53F8DB1F21FE}.Debug|Any CPU.Build.0 = Debug|Any CPU
		{AD52ADEB-B6F6-4DF9-A2C8-53F8DB1F21FE}.Release|Any CPU.ActiveCfg = Release|Any CPU
		{AD52ADEB-B6F6-4DF9-A2C8-53F8DB1F21FE}.Release|Any CPU.Build.0 = Release|Any CPU
	EndGlobalSection
	GlobalSection(SolutionProperties) = preSolution
		HideSolutionNode = FALSE
	EndGlobalSection
	GlobalSection(ExtensibilityGlobals) = postSolution
		SolutionGuid = {08DAAF20-DEC9-4A1B-8F9A-77A7C7496E81}
	EndGlobalSection
EndGlobal
